Microsoft Visual Studio Solution File, Format Version 12.00
# Visual Studio Version 16
VisualStudioVersion = 16.0.28922.388
MinimumVisualStudioVersion = 10.0.40219.1
Project("{9A19103F-16F7-4668-BE54-9A1E7A4F7556}") = "ObjectMapper .NET Standard", ".NET Standard 2.x\Source\ObjectMapper .NET Standard.csproj", "{32098302-4FD2-4DED-9E28-731411E1354D}"
EndProject
Project("{9A19103F-16F7-4668-BE54-9A1E7A4F7556}") = "ObjectMapper .NET Standard 2.0", ".NET Standard 2.0\Source\ObjectMapper .NET Standard 2.0.csproj", "{7A6D458D-DF1F-4ADF-B2AC-48DC4C185848}"
EndProject
Project("{9A19103F-16F7-4668-BE54-9A1E7A4F7556}") = "ObjectMapper .NET Framework 4.x", ".NET Framework\Source\ObjectMapper .NET Framework 4.x.csproj", "{2AE4020F-A2CA-4BDC-BE7F-F309975D76EB}"
EndProject
Project("{2150E333-8FDC-42A3-9474-1A3956D46DE8}") = "Source", "Source", "{1CA8BD7D-2FFD-4014-B21C-11171B52A09C}"
EndProject
Project("{2150E333-8FDC-42A3-9474-1A3956D46DE8}") = "Tutorials", "Tutorials", "{FF9FE6F7-DEDA-499E-927E-A5B9C3577C77}"
EndProject
Project("{FAE04EC0-301F-11D3-BF4B-00C04F79EFBC}") = "Tutorial01", "Tutorials\Tutorial01\Tutorial01.csproj", "{3CE61F28-2B7B-4D06-A231-CC25FAC5F166}"
EndProject
Project("{FAE04EC0-301F-11D3-BF4B-00C04F79EFBC}") = "Tutorial02", "Tutorials\Tutorial02\Tutorial02.csproj", "{95919C40-CB69-4D48-88CB-2C4BBFE414E5}"
EndProject
Project("{FAE04EC0-301F-11D3-BF4B-00C04F79EFBC}") = "Tutorial03", "Tutorials\Tutorial03\Tutorial03.csproj", "{AF2DCC4C-2B13-47A9-AFBF-7EB4AE2F85ED}"
EndProject
Project("{FAE04EC0-301F-11D3-BF4B-00C04F79EFBC}") = "Tutorial04", "Tutorials\Tutorial04\Tutorial04.csproj", "{543576BD-0B66-404E-AB6C-6A9C2855DBEA}"
EndProject
Project("{FAE04EC0-301F-11D3-BF4B-00C04F79EFBC}") = "BusinessEntities", "Tutorials\BusinessEntities\BusinessEntities.csproj", "{CA232E42-43DB-4208-A4CA-3F497AC31764}"
EndProject
Project("{FAE04EC0-301F-11D3-BF4B-00C04F79EFBC}") = "Utils", "Tutorials\Utils\Utils.csproj", "{07D45246-7835-4535-9F29-F3D69EC85671}"
EndProject
Project("{FAE04EC0-301F-11D3-BF4B-00C04F79EFBC}") = "IntegrationTests", "Tutorials\IntegrationTests\IntegrationTests.csproj", "{3A9155B9-32B4-4508-8C52-94116B327136}"
EndProject
Project("{2150E333-8FDC-42A3-9474-1A3956D46DE8}") = "Source.Oracle", "Source.Oracle", "{F6AAFD81-6DD5-47D4-B234-07E33682569F}"
EndProject
Project("{9A19103F-16F7-4668-BE54-9A1E7A4F7556}") = "ObjectMapper .NET Oracle Framework 4.x", ".NET Framework\Source.Oracle\ObjectMapper .NET Oracle Framework 4.x.csproj", "{B2E6C3E9-BBD4-455B-B6BA-754FEDF8813D}"
EndProject
Project("{9A19103F-16F7-4668-BE54-9A1E7A4F7556}") = "ObjectMapper .NET Oracle Standard 2.0", ".NET Standard 2.0\Source.Oracle\ObjectMapper .NET Oracle Standard 2.0.csproj", "{6CE9FA0D-C76F-416F-BDD7-A105077AF8B9}"
EndProject
Project("{9A19103F-16F7-4668-BE54-9A1E7A4F7556}") = "ObjectMapper .NET Oracle Standard", ".NET Standard 2.x\Source.Oracle\ObjectMapper .NET Oracle Standard.csproj", "{17FFAC62-3386-43A9-AFB0-68181FCA5364}"
EndProject
Project("{2150E333-8FDC-42A3-9474-1A3956D46DE8}") = "Source.Postgres", "Source.Postgres", "{D18596E1-23EB-4528-BE08-DE1EB687769E}"
EndProject
Project("{9A19103F-16F7-4668-BE54-9A1E7A4F7556}") = "ObjectMapper .NET Postgres Standard", ".NET Standard 2.x\Source.Postgres\ObjectMapper .NET Postgres Standard.csproj", "{1D3A1297-BEAC-4A4F-8FD5-9CB09E7D425D}"
EndProject
Project("{9A19103F-16F7-4668-BE54-9A1E7A4F7556}") = "ObjectMapper .NET Postgres Standard 2.0", ".NET Standard 2.0\Source.Postgres\ObjectMapper .NET Postgres Standard 2.0.csproj", "{6ADD0CA3-A7DA-4F06-8111-35822CB5D5FC}"
EndProject
Project("{9A19103F-16F7-4668-BE54-9A1E7A4F7556}") = "ObjectMapper .NET Postgres Framework 4.x", ".NET Framework\Source.Postgres\ObjectMapper .NET Postgres Framework 4.x.csproj", "{FA8D2B35-44E4-4839-8272-20AF5682481A}"
EndProject
Global
	GlobalSection(SolutionConfigurationPlatforms) = preSolution
		Debug|Any CPU = Debug|Any CPU
		Release|Any CPU = Release|Any CPU
	EndGlobalSection
	GlobalSection(ProjectConfigurationPlatforms) = postSolution
		{32098302-4FD2-4DED-9E28-731411E1354D}.Debug|Any CPU.ActiveCfg = Debug|Any CPU
		{32098302-4FD2-4DED-9E28-731411E1354D}.Debug|Any CPU.Build.0 = Debug|Any CPU
		{32098302-4FD2-4DED-9E28-731411E1354D}.Release|Any CPU.ActiveCfg = Release|Any CPU
		{32098302-4FD2-4DED-9E28-731411E1354D}.Release|Any CPU.Build.0 = Release|Any CPU
		{7A6D458D-DF1F-4ADF-B2AC-48DC4C185848}.Debug|Any CPU.ActiveCfg = Debug|Any CPU
		{7A6D458D-DF1F-4ADF-B2AC-48DC4C185848}.Debug|Any CPU.Build.0 = Debug|Any CPU
		{7A6D458D-DF1F-4ADF-B2AC-48DC4C185848}.Release|Any CPU.ActiveCfg = Release|Any CPU
		{7A6D458D-DF1F-4ADF-B2AC-48DC4C185848}.Release|Any CPU.Build.0 = Release|Any CPU
		{2AE4020F-A2CA-4BDC-BE7F-F309975D76EB}.Debug|Any CPU.ActiveCfg = Debug|Any CPU
		{2AE4020F-A2CA-4BDC-BE7F-F309975D76EB}.Debug|Any CPU.Build.0 = Debug|Any CPU
		{2AE4020F-A2CA-4BDC-BE7F-F309975D76EB}.Release|Any CPU.ActiveCfg = Release|Any CPU
		{2AE4020F-A2CA-4BDC-BE7F-F309975D76EB}.Release|Any CPU.Build.0 = Release|Any CPU
		{3CE61F28-2B7B-4D06-A231-CC25FAC5F166}.Debug|Any CPU.ActiveCfg = Debug|Any CPU
		{3CE61F28-2B7B-4D06-A231-CC25FAC5F166}.Debug|Any CPU.Build.0 = Debug|Any CPU
		{3CE61F28-2B7B-4D06-A231-CC25FAC5F166}.Release|Any CPU.ActiveCfg = Release|Any CPU
		{3CE61F28-2B7B-4D06-A231-CC25FAC5F166}.Release|Any CPU.Build.0 = Release|Any CPU
		{95919C40-CB69-4D48-88CB-2C4BBFE414E5}.Debug|Any CPU.ActiveCfg = Debug|Any CPU
		{95919C40-CB69-4D48-88CB-2C4BBFE414E5}.Debug|Any CPU.Build.0 = Debug|Any CPU
		{95919C40-CB69-4D48-88CB-2C4BBFE414E5}.Release|Any CPU.ActiveCfg = Release|Any CPU
		{95919C40-CB69-4D48-88CB-2C4BBFE414E5}.Release|Any CPU.Build.0 = Release|Any CPU
		{AF2DCC4C-2B13-47A9-AFBF-7EB4AE2F85ED}.Debug|Any CPU.ActiveCfg = Debug|Any CPU
		{AF2DCC4C-2B13-47A9-AFBF-7EB4AE2F85ED}.Debug|Any CPU.Build.0 = Debug|Any CPU
		{AF2DCC4C-2B13-47A9-AFBF-7EB4AE2F85ED}.Release|Any CPU.ActiveCfg = Release|Any CPU
		{AF2DCC4C-2B13-47A9-AFBF-7EB4AE2F85ED}.Release|Any CPU.Build.0 = Release|Any CPU
		{543576BD-0B66-404E-AB6C-6A9C2855DBEA}.Debug|Any CPU.ActiveCfg = Debug|Any CPU
		{543576BD-0B66-404E-AB6C-6A9C2855DBEA}.Debug|Any CPU.Build.0 = Debug|Any CPU
		{543576BD-0B66-404E-AB6C-6A9C2855DBEA}.Release|Any CPU.ActiveCfg = Release|Any CPU
		{543576BD-0B66-404E-AB6C-6A9C2855DBEA}.Release|Any CPU.Build.0 = Release|Any CPU
		{CA232E42-43DB-4208-A4CA-3F497AC31764}.Debug|Any CPU.ActiveCfg = Debug|Any CPU
		{CA232E42-43DB-4208-A4CA-3F497AC31764}.Debug|Any CPU.Build.0 = Debug|Any CPU
		{CA232E42-43DB-4208-A4CA-3F497AC31764}.Release|Any CPU.ActiveCfg = Release|Any CPU
		{CA232E42-43DB-4208-A4CA-3F497AC31764}.Release|Any CPU.Build.0 = Release|Any CPU
		{07D45246-7835-4535-9F29-F3D69EC85671}.Debug|Any CPU.ActiveCfg = Debug|Any CPU
		{07D45246-7835-4535-9F29-F3D69EC85671}.Debug|Any CPU.Build.0 = Debug|Any CPU
		{07D45246-7835-4535-9F29-F3D69EC85671}.Release|Any CPU.ActiveCfg = Release|Any CPU
		{07D45246-7835-4535-9F29-F3D69EC85671}.Release|Any CPU.Build.0 = Release|Any CPU
		{3A9155B9-32B4-4508-8C52-94116B327136}.Debug|Any CPU.ActiveCfg = Debug|Any CPU
		{3A9155B9-32B4-4508-8C52-94116B327136}.Debug|Any CPU.Build.0 = Debug|Any CPU
		{3A9155B9-32B4-4508-8C52-94116B327136}.Release|Any CPU.ActiveCfg = Release|Any CPU
		{3A9155B9-32B4-4508-8C52-94116B327136}.Release|Any CPU.Build.0 = Release|Any CPU
		{B2E6C3E9-BBD4-455B-B6BA-754FEDF8813D}.Debug|Any CPU.ActiveCfg = Debug|Any CPU
		{B2E6C3E9-BBD4-455B-B6BA-754FEDF8813D}.Debug|Any CPU.Build.0 = Debug|Any CPU
		{B2E6C3E9-BBD4-455B-B6BA-754FEDF8813D}.Release|Any CPU.ActiveCfg = Release|Any CPU
		{B2E6C3E9-BBD4-455B-B6BA-754FEDF8813D}.Release|Any CPU.Build.0 = Release|Any CPU
		{6CE9FA0D-C76F-416F-BDD7-A105077AF8B9}.Debug|Any CPU.ActiveCfg = Debug|Any CPU
		{6CE9FA0D-C76F-416F-BDD7-A105077AF8B9}.Debug|Any CPU.Build.0 = Debug|Any CPU
		{6CE9FA0D-C76F-416F-BDD7-A105077AF8B9}.Release|Any CPU.ActiveCfg = Release|Any CPU
		{6CE9FA0D-C76F-416F-BDD7-A105077AF8B9}.Release|Any CPU.Build.0 = Release|Any CPU
		{17FFAC62-3386-43A9-AFB0-68181FCA5364}.Debug|Any CPU.ActiveCfg = Debug|Any CPU
		{17FFAC62-3386-43A9-AFB0-68181FCA5364}.Debug|Any CPU.Build.0 = Debug|Any CPU
		{17FFAC62-3386-43A9-AFB0-68181FCA5364}.Release|Any CPU.ActiveCfg = Release|Any CPU
		{17FFAC62-3386-43A9-AFB0-68181FCA5364}.Release|Any CPU.Build.0 = Release|Any CPU
		{1D3A1297-BEAC-4A4F-8FD5-9CB09E7D425D}.Debug|Any CPU.ActiveCfg = Debug|Any CPU
		{1D3A1297-BEAC-4A4F-8FD5-9CB09E7D425D}.Debug|Any CPU.Build.0 = Debug|Any CPU
		{1D3A1297-BEAC-4A4F-8FD5-9CB09E7D425D}.Release|Any CPU.ActiveCfg = Release|Any CPU
		{1D3A1297-BEAC-4A4F-8FD5-9CB09E7D425D}.Release|Any CPU.Build.0 = Release|Any CPU
		{6ADD0CA3-A7DA-4F06-8111-35822CB5D5FC}.Debug|Any CPU.ActiveCfg = Debug|Any CPU
		{6ADD0CA3-A7DA-4F06-8111-35822CB5D5FC}.Debug|Any CPU.Build.0 = Debug|Any CPU
		{6ADD0CA3-A7DA-4F06-8111-35822CB5D5FC}.Release|Any CPU.ActiveCfg = Release|Any CPU
		{6ADD0CA3-A7DA-4F06-8111-35822CB5D5FC}.Release|Any CPU.Build.0 = Release|Any CPU
		{FA8D2B35-44E4-4839-8272-20AF5682481A}.Debug|Any CPU.ActiveCfg = Debug|Any CPU
		{FA8D2B35-44E4-4839-8272-20AF5682481A}.Debug|Any CPU.Build.0 = Debug|Any CPU
		{FA8D2B35-44E4-4839-8272-20AF5682481A}.Release|Any CPU.ActiveCfg = Release|Any CPU
		{FA8D2B35-44E4-4839-8272-20AF5682481A}.Release|Any CPU.Build.0 = Release|Any CPU
	EndGlobalSection
	GlobalSection(SolutionProperties) = preSolution
		HideSolutionNode = FALSE
	EndGlobalSection
	GlobalSection(NestedProjects) = preSolution
		{32098302-4FD2-4DED-9E28-731411E1354D} = {1CA8BD7D-2FFD-4014-B21C-11171B52A09C}
		{7A6D458D-DF1F-4ADF-B2AC-48DC4C185848} = {1CA8BD7D-2FFD-4014-B21C-11171B52A09C}
		{2AE4020F-A2CA-4BDC-BE7F-F309975D76EB} = {1CA8BD7D-2FFD-4014-B21C-11171B52A09C}
		{3CE61F28-2B7B-4D06-A231-CC25FAC5F166} = {FF9FE6F7-DEDA-499E-927E-A5B9C3577C77}
		{95919C40-CB69-4D48-88CB-2C4BBFE414E5} = {FF9FE6F7-DEDA-499E-927E-A5B9C3577C77}
		{AF2DCC4C-2B13-47A9-AFBF-7EB4AE2F85ED} = {FF9FE6F7-DEDA-499E-927E-A5B9C3577C77}
		{543576BD-0B66-404E-AB6C-6A9C2855DBEA} = {FF9FE6F7-DEDA-499E-927E-A5B9C3577C77}
		{CA232E42-43DB-4208-A4CA-3F497AC31764} = {FF9FE6F7-DEDA-499E-927E-A5B9C3577C77}
		{07D45246-7835-4535-9F29-F3D69EC85671} = {FF9FE6F7-DEDA-499E-927E-A5B9C3577C77}
		{3A9155B9-32B4-4508-8C52-94116B327136} = {FF9FE6F7-DEDA-499E-927E-A5B9C3577C77}
		{B2E6C3E9-BBD4-455B-B6BA-754FEDF8813D} = {F6AAFD81-6DD5-47D4-B234-07E33682569F}
		{6CE9FA0D-C76F-416F-BDD7-A105077AF8B9} = {F6AAFD81-6DD5-47D4-B234-07E33682569F}
		{17FFAC62-3386-43A9-AFB0-68181FCA5364} = {F6AAFD81-6DD5-47D4-B234-07E33682569F}
		{1D3A1297-BEAC-4A4F-8FD5-9CB09E7D425D} = {D18596E1-23EB-4528-BE08-DE1EB687769E}
		{6ADD0CA3-A7DA-4F06-8111-35822CB5D5FC} = {D18596E1-23EB-4528-BE08-DE1EB687769E}
		{FA8D2B35-44E4-4839-8272-20AF5682481A} = {D18596E1-23EB-4528-BE08-DE1EB687769E}
	EndGlobalSection
	GlobalSection(ExtensibilityGlobals) = postSolution
		SolutionGuid = {0AD4F66A-5E0B-48E1-B45A-A5F570D1C702}
		EnterpriseLibraryConfigurationToolBinariesPathV6 = packages\EnterpriseLibrary.TransientFaultHandling.6.0.1304.0\lib\portable-net45+win+wp8
	EndGlobalSection
EndGlobal
