Microsoft Visual Studio Solution File, Format Version 12.00
# Visual Studio Version 16
VisualStudioVersion = 16.0.28922.388
MinimumVisualStudioVersion = 10.0.40219.1
Project("{FAE04EC0-301F-11D3-BF4B-00C04F79EFBC}") = "ObjectMapper .NET Framework", ".NET Framework 4.x\Source\ObjectMapper .NET Framework.csproj", "{92235AC8-9B7D-449E-AA5E-123107E3DA60}"
EndProject
Project("{9A19103F-16F7-4668-BE54-9A1E7A4F7556}") = "ObjectMapper .NET Standard", ".NET Standard 2.x\Source\ObjectMapper .NET Standard.csproj", "{32098302-4FD2-4DED-9E28-731411E1354D}"
EndProject
Project("{9A19103F-16F7-4668-BE54-9A1E7A4F7556}") = "ObjectMapper .NET Standard 2.0", ".NET Standard 2.0\Source\ObjectMapper .NET Standard 2.0.csproj", "{7A6D458D-DF1F-4ADF-B2AC-48DC4C185848}"
EndProject
Global
	GlobalSection(SolutionConfigurationPlatforms) = preSolution
		Debug|Any CPU = Debug|Any CPU
		Release|Any CPU = Release|Any CPU
	EndGlobalSection
	GlobalSection(ProjectConfigurationPlatforms) = postSolution
		{92235AC8-9B7D-449E-AA5E-123107E3DA60}.Debug|Any CPU.ActiveCfg = Debug|Any CPU
		{92235AC8-9B7D-449E-AA5E-123107E3DA60}.Debug|Any CPU.Build.0 = Debug|Any CPU
		{92235AC8-9B7D-449E-AA5E-123107E3DA60}.Release|Any CPU.ActiveCfg = Release|Any CPU
		{92235AC8-9B7D-449E-AA5E-123107E3DA60}.Release|Any CPU.Build.0 = Release|Any CPU
		{32098302-4FD2-4DED-9E28-731411E1354D}.Debug|Any CPU.ActiveCfg = Debug|Any CPU
		{32098302-4FD2-4DED-9E28-731411E1354D}.Debug|Any CPU.Build.0 = Debug|Any CPU
		{32098302-4FD2-4DED-9E28-731411E1354D}.Release|Any CPU.ActiveCfg = Release|Any CPU
		{32098302-4FD2-4DED-9E28-731411E1354D}.Release|Any CPU.Build.0 = Release|Any CPU
		{7A6D458D-DF1F-4ADF-B2AC-48DC4C185848}.Debug|Any CPU.ActiveCfg = Debug|Any CPU
		{7A6D458D-DF1F-4ADF-B2AC-48DC4C185848}.Debug|Any CPU.Build.0 = Debug|Any CPU
		{7A6D458D-DF1F-4ADF-B2AC-48DC4C185848}.Release|Any CPU.ActiveCfg = Release|Any CPU
		{7A6D458D-DF1F-4ADF-B2AC-48DC4C185848}.Release|Any CPU.Build.0 = Release|Any CPU
	EndGlobalSection
	GlobalSection(SolutionProperties) = preSolution
		HideSolutionNode = FALSE
	EndGlobalSection
	GlobalSection(ExtensibilityGlobals) = postSolution
		EnterpriseLibraryConfigurationToolBinariesPathV6 = packages\EnterpriseLibrary.TransientFaultHandling.6.0.1304.0\lib\portable-net45+win+wp8
		SolutionGuid = {0AD4F66A-5E0B-48E1-B45A-A5F570D1C702}
	EndGlobalSection
EndGlobal
