Microsoft Visual Studio Solution File, Format Version 9.00
# Visual Studio 2005
Project("{FAE04EC0-301F-11D3-BF4B-00C04F79EFBC}") = "BusinessEntities", "..\BusinessEntities\BusinessEntities.csproj", "{7166E9A9-0D75-4EE9-B911-7A7B778F8BDA}"
EndProject
Project("{FAE04EC0-301F-11D3-BF4B-00C04F79EFBC}") = "Utils", "..\Utils\Utils.csproj", "{8CB225E3-20BE-421C-AE04-162AEA633DB6}"
EndProject
Project("{FAE04EC0-301F-11D3-BF4B-00C04F79EFBC}") = "Tutorial03", "Tutorial03.csproj", "{95919C40-CB69-4D48-88CB-2C4BBFE414E5}"
EndProject
Global
	GlobalSection(SolutionConfigurationPlatforms) = preSolution
		Debug|Any CPU = Debug|Any CPU
		Release|Any CPU = Release|Any CPU
	EndGlobalSection
	GlobalSection(ProjectConfigurationPlatforms) = postSolution
		{7166E9A9-0D75-4EE9-B911-7A7B778F8BDA}.Debug|Any CPU.ActiveCfg = Debug|Any CPU
		{7166E9A9-0D75-4EE9-B911-7A7B778F8BDA}.Debug|Any CPU.Build.0 = Debug|Any CPU
		{7166E9A9-0D75-4EE9-B911-7A7B778F8BDA}.Release|Any CPU.ActiveCfg = Release|Any CPU
		{7166E9A9-0D75-4EE9-B911-7A7B778F8BDA}.Release|Any CPU.Build.0 = Release|Any CPU
		{8CB225E3-20BE-421C-AE04-162AEA633DB6}.Debug|Any CPU.ActiveCfg = Debug|Any CPU
		{8CB225E3-20BE-421C-AE04-162AEA633DB6}.Debug|Any CPU.Build.0 = Debug|Any CPU
		{8CB225E3-20BE-421C-AE04-162AEA633DB6}.Release|Any CPU.ActiveCfg = Release|Any CPU
		{8CB225E3-20BE-421C-AE04-162AEA633DB6}.Release|Any CPU.Build.0 = Release|Any CPU
		{95919C40-CB69-4D48-88CB-2C4BBFE414E5}.Debug|Any CPU.ActiveCfg = Debug|Any CPU
		{95919C40-CB69-4D48-88CB-2C4BBFE414E5}.Debug|Any CPU.Build.0 = Debug|Any CPU
		{95919C40-CB69-4D48-88CB-2C4BBFE414E5}.Release|Any CPU.ActiveCfg = Release|Any CPU
		{95919C40-CB69-4D48-88CB-2C4BBFE414E5}.Release|Any CPU.Build.0 = Release|Any CPU
	EndGlobalSection
	GlobalSection(SolutionProperties) = preSolution
		HideSolutionNode = FALSE
	EndGlobalSection
EndGlobal
